
Microsoft Visual Studio Solution File, Format Version 12.00
# Visual Studio Version 16
VisualStudioVersion = 16.0.30804.86
MinimumVisualStudioVersion = 10.0.40219.1
Project("{FAE04EC0-301F-11D3-BF4B-00C04F79EFBC}") = "Speaker", "Speaker\Speaker.csproj", "{9EA2E7F0-793E-42B9-8239-8A9D0001E0F8}"
EndProject
Global
	GlobalSection(SolutionConfigurationPlatforms) = preSolution
		Debug|Any CPU = Debug|Any CPU
		Release|Any CPU = Release|Any CPU
	EndGlobalSection
	GlobalSection(ProjectConfigurationPlatforms) = postSolution
		{9EA2E7F0-793E-42B9-8239-8A9D0001E0F8}.Debug|Any CPU.ActiveCfg = Debug|Any CPU
		{9EA2E7F0-793E-42B9-8239-8A9D0001E0F8}.Debug|Any CPU.Build.0 = Debug|Any CPU
		{9EA2E7F0-793E-42B9-8239-8A9D0001E0F8}.Release|Any CPU.ActiveCfg = Release|Any CPU
		{9EA2E7F0-793E-42B9-8239-8A9D0001E0F8}.Release|Any CPU.Build.0 = Release|Any CPU
	EndGlobalSection
	GlobalSection(SolutionProperties) = preSolution
		HideSolutionNode = FALSE
	EndGlobalSection
	GlobalSection(ExtensibilityGlobals) = postSolution
		SolutionGuid = {8DB37AE7-D84E-4ADB-B9E4-39A7EC473B31}
	EndGlobalSection
EndGlobal
